
Microsoft Visual Studio Solution File, Format Version 12.00
# Visual Studio Version 17
VisualStudioVersion = 17.8.34525.116
MinimumVisualStudioVersion = 10.0.40219.1
Project("{FAE04EC0-301F-11D3-BF4B-00C04F79EFBC}") = "QuotesApiV2", "QuotesApiV2\QuotesApiV2.csproj", "{78CAF020-82A7-4E74-82A6-A386A93AB1A9}"
EndProject
Project("{FAE04EC0-301F-11D3-BF4B-00C04F79EFBC}") = "QuotesApiV2.Unit.Tests", "QuotesApiV2.Unit.Tests\QuotesApiV2.Unit.Tests.csproj", "{BA89F601-9A59-4327-B561-3405385466C5}"
EndProject
Global
	GlobalSection(SolutionConfigurationPlatforms) = preSolution
		Debug|Any CPU = Debug|Any CPU
		Release|Any CPU = Release|Any CPU
	EndGlobalSection
	GlobalSection(ProjectConfigurationPlatforms) = postSolution
		{78CAF020-82A7-4E74-82A6-A386A93AB1A9}.Debug|Any CPU.ActiveCfg = Debug|Any CPU
		{78CAF020-82A7-4E74-82A6-A386A93AB1A9}.Debug|Any CPU.Build.0 = Debug|Any CPU
		{78CAF020-82A7-4E74-82A6-A386A93AB1A9}.Release|Any CPU.ActiveCfg = Release|Any CPU
		{78CAF020-82A7-4E74-82A6-A386A93AB1A9}.Release|Any CPU.Build.0 = Release|Any CPU
		{BA89F601-9A59-4327-B561-3405385466C5}.Debug|Any CPU.ActiveCfg = Debug|Any CPU
		{BA89F601-9A59-4327-B561-3405385466C5}.Debug|Any CPU.Build.0 = Debug|Any CPU
		{BA89F601-9A59-4327-B561-3405385466C5}.Release|Any CPU.ActiveCfg = Release|Any CPU
		{BA89F601-9A59-4327-B561-3405385466C5}.Release|Any CPU.Build.0 = Release|Any CPU
	EndGlobalSection
	GlobalSection(SolutionProperties) = preSolution
		HideSolutionNode = FALSE
	EndGlobalSection
	GlobalSection(ExtensibilityGlobals) = postSolution
		SolutionGuid = {AD4F9205-E24D-4E40-85CD-FA171003290D}
	EndGlobalSection
EndGlobal
